
Microsoft Visual Studio Solution File, Format Version 12.00
# Visual Studio 14
VisualStudioVersion = 14.0.24720.0
MinimumVisualStudioVersion = 10.0.40219.1
Project("{FAE04EC0-301F-11D3-BF4B-00C04F79EFBC}") = "SiteServer.Web", "Web\SiteServer.Web.csproj", "{3C17C3E2-3252-4D05-9961-3E623203F8C9}"
	ProjectSection(ProjectDependencies) = postProject
		{61A793E1-3E99-4BDC-BC20-7298CA3E0000} = {61A793E1-3E99-4BDC-BC20-7298CA3E0000}
		{61A793E1-3E99-4BDC-BC20-7298CA3E1111} = {61A793E1-3E99-4BDC-BC20-7298CA3E1111}
		{61A793E1-3E99-4BDC-BC20-7298CA3E3756} = {61A793E1-3E99-4BDC-BC20-7298CA3E3756}
		{61A793E1-3E99-4BDC-BC20-7298CA3E3788} = {61A793E1-3E99-4BDC-BC20-7298CA3E3788}
		{61A793E1-3E99-4BDC-BC20-7298CA3E6957} = {61A793E1-3E99-4BDC-BC20-7298CA3E6957}
		{61A793E1-3E99-4BDC-BC20-7298CA3E8899} = {61A793E1-3E99-4BDC-BC20-7298CA3E8899}
	EndProjectSection
EndProject
Project("{FAE04EC0-301F-11D3-BF4B-00C04F79EFBC}") = "BaiRong.Core", "BaiRong\BaiRong.Core\BaiRong.Core.csproj", "{3D8CB06B-1791-4685-AB56-965B9F41666E}"
EndProject
Project("{FAE04EC0-301F-11D3-BF4B-00C04F79EFBC}") = "BaiRong.Controls", "BaiRong\BaiRong.Controls\BaiRong.Controls.csproj", "{A5B5F7C3-DA46-4CF0-A351-D35DB07B4465}"
EndProject
Project("{FAE04EC0-301F-11D3-BF4B-00C04F79EFBC}") = "BaiRong.Provider", "BaiRong\BaiRong.Provider\BaiRong.Provider.csproj", "{F5094DAF-85E0-4754-A8C4-C236B9F9DBA6}"
EndProject
Project("{FAE04EC0-301F-11D3-BF4B-00C04F79EFBC}") = "BaiRong.BackgroundPages", "BaiRong\BaiRong.BackgroundPages\BaiRong.BackgroundPages.csproj", "{64529DC0-3C8B-4D10-A921-EAD9F03FDF21}"
EndProject
Project("{FAE04EC0-301F-11D3-BF4B-00C04F79EFBC}") = "BaiRong.Service", "BaiRong\BaiRong.Service\BaiRong.Service.csproj", "{A5B5F7C3-DA46-4CF0-A351-D35DB07B8899}"
EndProject
Project("{2150E333-8FDC-42A3-9474-1A3956D46DE8}") = ".settings", ".settings", "{3E148FE4-3ED3-4413-9169-D92506DB2B1A}"
	ProjectSection(SolutionItems) = preProject
		.gitignore = .gitignore
		package.json = package.json
		gulp\publish.js = gulp\publish.js
	EndProjectSection
EndProject
Project("{2150E333-8FDC-42A3-9474-1A3956D46DE8}") = "api", "api", "{6FA4ABDD-94FB-4EC5-B86E-DDA95BC62A60}"
EndProject
Project("{FAE04EC0-301F-11D3-BF4B-00C04F79EFBC}") = "SiteServer.API", "api\SiteServer.API\SiteServer.API.csproj", "{868F5651-13A9-43A0-A93F-83657FFD2222}"
EndProject
Project("{FAE04EC0-301F-11D3-BF4B-00C04F79EFBC}") = "SiteServer.Docs", "api\SiteServer.Docs\SiteServer.Docs.csproj", "{A90FADE0-DF81-437A-8ECA-21F8D6F79103}"
EndProject
Project("{2150E333-8FDC-42A3-9474-1A3956D46DE8}") = "bairong", "bairong", "{EC8735BA-CC71-46DF-B209-EADB80566DE4}"
EndProject
Project("{2150E333-8FDC-42A3-9474-1A3956D46DE8}") = "ss", "ss", "{B0203EE3-AB35-48D6-8491-BFF9BBF80E88}"
EndProject
Project("{FAE04EC0-301F-11D3-BF4B-00C04F79EFBC}") = "SiteServer.CMS", "ss\SiteServer.CMS\SiteServer.CMS.csproj", "{61A793E1-3E99-4BDC-BC20-7298CA3E0000}"
EndProject
Project("{FAE04EC0-301F-11D3-BF4B-00C04F79EFBC}") = "SiteServer.BBS", "ss\SiteServer.BBS\SiteServer.BBS.csproj", "{61A793E1-3E99-4BDC-BC20-7298CA3E3756}"
EndProject
Project("{FAE04EC0-301F-11D3-BF4B-00C04F79EFBC}") = "SiteServer.B2C", "ss\SiteServer.B2C\SiteServer.B2C.csproj", "{61A793E1-3E99-4BDC-BC20-7298CA3E3788}"
EndProject
Project("{FAE04EC0-301F-11D3-BF4B-00C04F79EFBC}") = "SiteServer.STL", "ss\SiteServer.STL\SiteServer.STL.csproj", "{61A793E1-3E99-4BDC-BC20-7298CA3E8899}"
EndProject
Project("{FAE04EC0-301F-11D3-BF4B-00C04F79EFBC}") = "SiteServer.WCM", "ss\SiteServer.WCM\SiteServer.WCM.csproj", "{61A793E1-3E99-4BDC-BC20-7298CA3E6957}"
EndProject
Project("{FAE04EC0-301F-11D3-BF4B-00C04F79EFBC}") = "SiteServer.WeiXin", "ss\SiteServer.WeiXin\SiteServer.WeiXin.csproj", "{61A793E1-3E99-4BDC-BC20-7298CA3E1111}"
EndProject
Project("{2150E333-8FDC-42A3-9474-1A3956D46DE8}") = "web", "web", "{D63C35CA-10C7-41A0-8B78-8AB911201BDD}"
EndProject
Project("{2150E333-8FDC-42A3-9474-1A3956D46DE8}") = "tests", "tests", "{10C84D51-4587-479F-A5D9-EC4FC1AABCA4}"
EndProject
Project("{FAE04EC0-301F-11D3-BF4B-00C04F79EFBC}") = "BaiRong.Core.Tests", "tests\Bairong.Core.Tests\BaiRong.Core.Tests.csproj", "{BF568781-D576-4545-A552-4DC839B1AF14}"
EndProject
Global
	GlobalSection(SolutionConfigurationPlatforms) = preSolution
		Debug|Any CPU = Debug|Any CPU
		Debug|x86 = Debug|x86
		LiveServer|Any CPU = LiveServer|Any CPU
		LiveServer|x86 = LiveServer|x86
		Release|Any CPU = Release|Any CPU
		Release|x86 = Release|x86
	EndGlobalSection
	GlobalSection(ProjectConfigurationPlatforms) = postSolution
		{3C17C3E2-3252-4D05-9961-3E623203F8C9}.Debug|Any CPU.ActiveCfg = Debug|Any CPU
		{3C17C3E2-3252-4D05-9961-3E623203F8C9}.Debug|Any CPU.Build.0 = Debug|Any CPU
		{3C17C3E2-3252-4D05-9961-3E623203F8C9}.Debug|x86.ActiveCfg = Debug|x86
		{3C17C3E2-3252-4D05-9961-3E623203F8C9}.Debug|x86.Build.0 = Debug|x86
		{3C17C3E2-3252-4D05-9961-3E623203F8C9}.LiveServer|Any CPU.ActiveCfg = Release|Any CPU
		{3C17C3E2-3252-4D05-9961-3E623203F8C9}.LiveServer|Any CPU.Build.0 = Release|Any CPU
		{3C17C3E2-3252-4D05-9961-3E623203F8C9}.LiveServer|x86.ActiveCfg = Release|x86
		{3C17C3E2-3252-4D05-9961-3E623203F8C9}.LiveServer|x86.Build.0 = Release|x86
		{3C17C3E2-3252-4D05-9961-3E623203F8C9}.Release|Any CPU.ActiveCfg = Release|Any CPU
		{3C17C3E2-3252-4D05-9961-3E623203F8C9}.Release|Any CPU.Build.0 = Release|Any CPU
		{3C17C3E2-3252-4D05-9961-3E623203F8C9}.Release|x86.ActiveCfg = Release|x86
		{3C17C3E2-3252-4D05-9961-3E623203F8C9}.Release|x86.Build.0 = Release|x86
		{3D8CB06B-1791-4685-AB56-965B9F41666E}.Debug|Any CPU.ActiveCfg = Debug|Any CPU
		{3D8CB06B-1791-4685-AB56-965B9F41666E}.Debug|Any CPU.Build.0 = Debug|Any CPU
		{3D8CB06B-1791-4685-AB56-965B9F41666E}.Debug|x86.ActiveCfg = Debug|x86
		{3D8CB06B-1791-4685-AB56-965B9F41666E}.Debug|x86.Build.0 = Debug|x86
		{3D8CB06B-1791-4685-AB56-965B9F41666E}.LiveServer|Any CPU.ActiveCfg = LiveServer|Any CPU
		{3D8CB06B-1791-4685-AB56-965B9F41666E}.LiveServer|Any CPU.Build.0 = LiveServer|Any CPU
		{3D8CB06B-1791-4685-AB56-965B9F41666E}.LiveServer|x86.ActiveCfg = LiveServer|x86
		{3D8CB06B-1791-4685-AB56-965B9F41666E}.LiveServer|x86.Build.0 = LiveServer|x86
		{3D8CB06B-1791-4685-AB56-965B9F41666E}.Release|Any CPU.ActiveCfg = Release|Any CPU
		{3D8CB06B-1791-4685-AB56-965B9F41666E}.Release|Any CPU.Build.0 = Release|Any CPU
		{3D8CB06B-1791-4685-AB56-965B9F41666E}.Release|x86.ActiveCfg = Release|x86
		{3D8CB06B-1791-4685-AB56-965B9F41666E}.Release|x86.Build.0 = Release|x86
		{A5B5F7C3-DA46-4CF0-A351-D35DB07B4465}.Debug|Any CPU.ActiveCfg = Debug|Any CPU
		{A5B5F7C3-DA46-4CF0-A351-D35DB07B4465}.Debug|Any CPU.Build.0 = Debug|Any CPU
		{A5B5F7C3-DA46-4CF0-A351-D35DB07B4465}.Debug|x86.ActiveCfg = Debug|x86
		{A5B5F7C3-DA46-4CF0-A351-D35DB07B4465}.Debug|x86.Build.0 = Debug|x86
		{A5B5F7C3-DA46-4CF0-A351-D35DB07B4465}.LiveServer|Any CPU.ActiveCfg = LiveServer|Any CPU
		{A5B5F7C3-DA46-4CF0-A351-D35DB07B4465}.LiveServer|Any CPU.Build.0 = LiveServer|Any CPU
		{A5B5F7C3-DA46-4CF0-A351-D35DB07B4465}.LiveServer|x86.ActiveCfg = LiveServer|x86
		{A5B5F7C3-DA46-4CF0-A351-D35DB07B4465}.LiveServer|x86.Build.0 = LiveServer|x86
		{A5B5F7C3-DA46-4CF0-A351-D35DB07B4465}.Release|Any CPU.ActiveCfg = Release|Any CPU
		{A5B5F7C3-DA46-4CF0-A351-D35DB07B4465}.Release|Any CPU.Build.0 = Release|Any CPU
		{A5B5F7C3-DA46-4CF0-A351-D35DB07B4465}.Release|x86.ActiveCfg = Release|x86
		{A5B5F7C3-DA46-4CF0-A351-D35DB07B4465}.Release|x86.Build.0 = Release|x86
		{F5094DAF-85E0-4754-A8C4-C236B9F9DBA6}.Debug|Any CPU.ActiveCfg = Debug|Any CPU
		{F5094DAF-85E0-4754-A8C4-C236B9F9DBA6}.Debug|Any CPU.Build.0 = Debug|Any CPU
		{F5094DAF-85E0-4754-A8C4-C236B9F9DBA6}.Debug|x86.ActiveCfg = Debug|x86
		{F5094DAF-85E0-4754-A8C4-C236B9F9DBA6}.Debug|x86.Build.0 = Debug|x86
		{F5094DAF-85E0-4754-A8C4-C236B9F9DBA6}.LiveServer|Any CPU.ActiveCfg = LiveServer|Any CPU
		{F5094DAF-85E0-4754-A8C4-C236B9F9DBA6}.LiveServer|Any CPU.Build.0 = LiveServer|Any CPU
		{F5094DAF-85E0-4754-A8C4-C236B9F9DBA6}.LiveServer|x86.ActiveCfg = LiveServer|x86
		{F5094DAF-85E0-4754-A8C4-C236B9F9DBA6}.LiveServer|x86.Build.0 = LiveServer|x86
		{F5094DAF-85E0-4754-A8C4-C236B9F9DBA6}.Release|Any CPU.ActiveCfg = Release|Any CPU
		{F5094DAF-85E0-4754-A8C4-C236B9F9DBA6}.Release|Any CPU.Build.0 = Release|Any CPU
		{F5094DAF-85E0-4754-A8C4-C236B9F9DBA6}.Release|x86.ActiveCfg = Release|x86
		{F5094DAF-85E0-4754-A8C4-C236B9F9DBA6}.Release|x86.Build.0 = Release|x86
		{64529DC0-3C8B-4D10-A921-EAD9F03FDF21}.Debug|Any CPU.ActiveCfg = Debug|Any CPU
		{64529DC0-3C8B-4D10-A921-EAD9F03FDF21}.Debug|Any CPU.Build.0 = Debug|Any CPU
		{64529DC0-3C8B-4D10-A921-EAD9F03FDF21}.Debug|x86.ActiveCfg = Debug|x86
		{64529DC0-3C8B-4D10-A921-EAD9F03FDF21}.Debug|x86.Build.0 = Debug|x86
		{64529DC0-3C8B-4D10-A921-EAD9F03FDF21}.LiveServer|Any CPU.ActiveCfg = Release|Any CPU
		{64529DC0-3C8B-4D10-A921-EAD9F03FDF21}.LiveServer|Any CPU.Build.0 = Release|Any CPU
		{64529DC0-3C8B-4D10-A921-EAD9F03FDF21}.LiveServer|x86.ActiveCfg = Release|x86
		{64529DC0-3C8B-4D10-A921-EAD9F03FDF21}.LiveServer|x86.Build.0 = Release|x86
		{64529DC0-3C8B-4D10-A921-EAD9F03FDF21}.Release|Any CPU.ActiveCfg = Release|Any CPU
		{64529DC0-3C8B-4D10-A921-EAD9F03FDF21}.Release|Any CPU.Build.0 = Release|Any CPU
		{64529DC0-3C8B-4D10-A921-EAD9F03FDF21}.Release|x86.ActiveCfg = Release|x86
		{64529DC0-3C8B-4D10-A921-EAD9F03FDF21}.Release|x86.Build.0 = Release|x86
		{A5B5F7C3-DA46-4CF0-A351-D35DB07B8899}.Debug|Any CPU.ActiveCfg = Debug|Any CPU
		{A5B5F7C3-DA46-4CF0-A351-D35DB07B8899}.Debug|Any CPU.Build.0 = Debug|Any CPU
		{A5B5F7C3-DA46-4CF0-A351-D35DB07B8899}.Debug|x86.ActiveCfg = Debug|x86
		{A5B5F7C3-DA46-4CF0-A351-D35DB07B8899}.Debug|x86.Build.0 = Debug|x86
		{A5B5F7C3-DA46-4CF0-A351-D35DB07B8899}.LiveServer|Any CPU.ActiveCfg = LiveServer|Any CPU
		{A5B5F7C3-DA46-4CF0-A351-D35DB07B8899}.LiveServer|Any CPU.Build.0 = LiveServer|Any CPU
		{A5B5F7C3-DA46-4CF0-A351-D35DB07B8899}.LiveServer|x86.ActiveCfg = LiveServer|x86
		{A5B5F7C3-DA46-4CF0-A351-D35DB07B8899}.LiveServer|x86.Build.0 = LiveServer|x86
		{A5B5F7C3-DA46-4CF0-A351-D35DB07B8899}.Release|Any CPU.ActiveCfg = Release|Any CPU
		{A5B5F7C3-DA46-4CF0-A351-D35DB07B8899}.Release|Any CPU.Build.0 = Release|Any CPU
		{A5B5F7C3-DA46-4CF0-A351-D35DB07B8899}.Release|x86.ActiveCfg = Release|x86
		{A5B5F7C3-DA46-4CF0-A351-D35DB07B8899}.Release|x86.Build.0 = Release|x86
		{868F5651-13A9-43A0-A93F-83657FFD2222}.Debug|Any CPU.ActiveCfg = Debug|Any CPU
		{868F5651-13A9-43A0-A93F-83657FFD2222}.Debug|Any CPU.Build.0 = Debug|Any CPU
		{868F5651-13A9-43A0-A93F-83657FFD2222}.Debug|x86.ActiveCfg = Debug|Any CPU
		{868F5651-13A9-43A0-A93F-83657FFD2222}.Debug|x86.Build.0 = Debug|Any CPU
		{868F5651-13A9-43A0-A93F-83657FFD2222}.LiveServer|Any CPU.ActiveCfg = Release|Any CPU
		{868F5651-13A9-43A0-A93F-83657FFD2222}.LiveServer|Any CPU.Build.0 = Release|Any CPU
		{868F5651-13A9-43A0-A93F-83657FFD2222}.LiveServer|x86.ActiveCfg = Release|Any CPU
		{868F5651-13A9-43A0-A93F-83657FFD2222}.LiveServer|x86.Build.0 = Release|Any CPU
		{868F5651-13A9-43A0-A93F-83657FFD2222}.Release|Any CPU.ActiveCfg = Release|Any CPU
		{868F5651-13A9-43A0-A93F-83657FFD2222}.Release|Any CPU.Build.0 = Release|Any CPU
		{868F5651-13A9-43A0-A93F-83657FFD2222}.Release|x86.ActiveCfg = Release|Any CPU
		{868F5651-13A9-43A0-A93F-83657FFD2222}.Release|x86.Build.0 = Release|Any CPU
		{A90FADE0-DF81-437A-8ECA-21F8D6F79103}.Debug|Any CPU.ActiveCfg = Debug|Any CPU
		{A90FADE0-DF81-437A-8ECA-21F8D6F79103}.Debug|Any CPU.Build.0 = Debug|Any CPU
		{A90FADE0-DF81-437A-8ECA-21F8D6F79103}.Debug|x86.ActiveCfg = Debug|Any CPU
		{A90FADE0-DF81-437A-8ECA-21F8D6F79103}.Debug|x86.Build.0 = Debug|Any CPU
		{A90FADE0-DF81-437A-8ECA-21F8D6F79103}.LiveServer|Any CPU.ActiveCfg = Release|Any CPU
		{A90FADE0-DF81-437A-8ECA-21F8D6F79103}.LiveServer|Any CPU.Build.0 = Release|Any CPU
		{A90FADE0-DF81-437A-8ECA-21F8D6F79103}.LiveServer|x86.ActiveCfg = Release|Any CPU
		{A90FADE0-DF81-437A-8ECA-21F8D6F79103}.LiveServer|x86.Build.0 = Release|Any CPU
		{A90FADE0-DF81-437A-8ECA-21F8D6F79103}.Release|Any CPU.ActiveCfg = Release|Any CPU
		{A90FADE0-DF81-437A-8ECA-21F8D6F79103}.Release|Any CPU.Build.0 = Release|Any CPU
		{A90FADE0-DF81-437A-8ECA-21F8D6F79103}.Release|x86.ActiveCfg = Release|Any CPU
		{A90FADE0-DF81-437A-8ECA-21F8D6F79103}.Release|x86.Build.0 = Release|Any CPU
		{61A793E1-3E99-4BDC-BC20-7298CA3E0000}.Debug|Any CPU.ActiveCfg = Debug|Any CPU
		{61A793E1-3E99-4BDC-BC20-7298CA3E0000}.Debug|Any CPU.Build.0 = Debug|Any CPU
		{61A793E1-3E99-4BDC-BC20-7298CA3E0000}.Debug|x86.ActiveCfg = Debug|x86
		{61A793E1-3E99-4BDC-BC20-7298CA3E0000}.Debug|x86.Build.0 = Debug|x86
		{61A793E1-3E99-4BDC-BC20-7298CA3E0000}.LiveServer|Any CPU.ActiveCfg = Release|Any CPU
		{61A793E1-3E99-4BDC-BC20-7298CA3E0000}.LiveServer|Any CPU.Build.0 = Release|Any CPU
		{61A793E1-3E99-4BDC-BC20-7298CA3E0000}.LiveServer|x86.ActiveCfg = Release|x86
		{61A793E1-3E99-4BDC-BC20-7298CA3E0000}.LiveServer|x86.Build.0 = Release|x86
		{61A793E1-3E99-4BDC-BC20-7298CA3E0000}.Release|Any CPU.ActiveCfg = Release|Any CPU
		{61A793E1-3E99-4BDC-BC20-7298CA3E0000}.Release|Any CPU.Build.0 = Release|Any CPU
		{61A793E1-3E99-4BDC-BC20-7298CA3E0000}.Release|x86.ActiveCfg = Release|x86
		{61A793E1-3E99-4BDC-BC20-7298CA3E0000}.Release|x86.Build.0 = Release|x86
		{61A793E1-3E99-4BDC-BC20-7298CA3E3756}.Debug|Any CPU.ActiveCfg = Debug|Any CPU
		{61A793E1-3E99-4BDC-BC20-7298CA3E3756}.Debug|Any CPU.Build.0 = Debug|Any CPU
		{61A793E1-3E99-4BDC-BC20-7298CA3E3756}.Debug|x86.ActiveCfg = Debug|x86
		{61A793E1-3E99-4BDC-BC20-7298CA3E3756}.Debug|x86.Build.0 = Debug|x86
		{61A793E1-3E99-4BDC-BC20-7298CA3E3756}.LiveServer|Any CPU.ActiveCfg = Release|Any CPU
		{61A793E1-3E99-4BDC-BC20-7298CA3E3756}.LiveServer|Any CPU.Build.0 = Release|Any CPU
		{61A793E1-3E99-4BDC-BC20-7298CA3E3756}.LiveServer|x86.ActiveCfg = Release|x86
		{61A793E1-3E99-4BDC-BC20-7298CA3E3756}.LiveServer|x86.Build.0 = Release|x86
		{61A793E1-3E99-4BDC-BC20-7298CA3E3756}.Release|Any CPU.ActiveCfg = Release|Any CPU
		{61A793E1-3E99-4BDC-BC20-7298CA3E3756}.Release|Any CPU.Build.0 = Release|Any CPU
		{61A793E1-3E99-4BDC-BC20-7298CA3E3756}.Release|x86.ActiveCfg = Release|x86
		{61A793E1-3E99-4BDC-BC20-7298CA3E3756}.Release|x86.Build.0 = Release|x86
		{61A793E1-3E99-4BDC-BC20-7298CA3E3788}.Debug|Any CPU.ActiveCfg = Debug|Any CPU
		{61A793E1-3E99-4BDC-BC20-7298CA3E3788}.Debug|Any CPU.Build.0 = Debug|Any CPU
		{61A793E1-3E99-4BDC-BC20-7298CA3E3788}.Debug|x86.ActiveCfg = Debug|Any CPU
		{61A793E1-3E99-4BDC-BC20-7298CA3E3788}.Debug|x86.Build.0 = Debug|Any CPU
		{61A793E1-3E99-4BDC-BC20-7298CA3E3788}.LiveServer|Any CPU.ActiveCfg = Release|Any CPU
		{61A793E1-3E99-4BDC-BC20-7298CA3E3788}.LiveServer|Any CPU.Build.0 = Release|Any CPU
		{61A793E1-3E99-4BDC-BC20-7298CA3E3788}.LiveServer|x86.ActiveCfg = Release|Any CPU
		{61A793E1-3E99-4BDC-BC20-7298CA3E3788}.LiveServer|x86.Build.0 = Release|Any CPU
		{61A793E1-3E99-4BDC-BC20-7298CA3E3788}.Release|Any CPU.ActiveCfg = Release|Any CPU
		{61A793E1-3E99-4BDC-BC20-7298CA3E3788}.Release|Any CPU.Build.0 = Release|Any CPU
		{61A793E1-3E99-4BDC-BC20-7298CA3E3788}.Release|x86.ActiveCfg = Release|Any CPU
		{61A793E1-3E99-4BDC-BC20-7298CA3E3788}.Release|x86.Build.0 = Release|Any CPU
		{61A793E1-3E99-4BDC-BC20-7298CA3E8899}.Debug|Any CPU.ActiveCfg = Debug|Any CPU
		{61A793E1-3E99-4BDC-BC20-7298CA3E8899}.Debug|Any CPU.Build.0 = Debug|Any CPU
		{61A793E1-3E99-4BDC-BC20-7298CA3E8899}.Debug|x86.ActiveCfg = Debug|x86
		{61A793E1-3E99-4BDC-BC20-7298CA3E8899}.Debug|x86.Build.0 = Debug|x86
		{61A793E1-3E99-4BDC-BC20-7298CA3E8899}.LiveServer|Any CPU.ActiveCfg = Release|Any CPU
		{61A793E1-3E99-4BDC-BC20-7298CA3E8899}.LiveServer|Any CPU.Build.0 = Release|Any CPU
		{61A793E1-3E99-4BDC-BC20-7298CA3E8899}.LiveServer|x86.ActiveCfg = Release|x86
		{61A793E1-3E99-4BDC-BC20-7298CA3E8899}.LiveServer|x86.Build.0 = Release|x86
		{61A793E1-3E99-4BDC-BC20-7298CA3E8899}.Release|Any CPU.ActiveCfg = Release|Any CPU
		{61A793E1-3E99-4BDC-BC20-7298CA3E8899}.Release|Any CPU.Build.0 = Release|Any CPU
		{61A793E1-3E99-4BDC-BC20-7298CA3E8899}.Release|x86.ActiveCfg = Release|x86
		{61A793E1-3E99-4BDC-BC20-7298CA3E8899}.Release|x86.Build.0 = Release|x86
		{61A793E1-3E99-4BDC-BC20-7298CA3E6957}.Debug|Any CPU.ActiveCfg = Debug|Any CPU
		{61A793E1-3E99-4BDC-BC20-7298CA3E6957}.Debug|Any CPU.Build.0 = Debug|Any CPU
		{61A793E1-3E99-4BDC-BC20-7298CA3E6957}.Debug|x86.ActiveCfg = Debug|Any CPU
		{61A793E1-3E99-4BDC-BC20-7298CA3E6957}.Debug|x86.Build.0 = Debug|Any CPU
		{61A793E1-3E99-4BDC-BC20-7298CA3E6957}.LiveServer|Any CPU.ActiveCfg = Release|Any CPU
		{61A793E1-3E99-4BDC-BC20-7298CA3E6957}.LiveServer|Any CPU.Build.0 = Release|Any CPU
		{61A793E1-3E99-4BDC-BC20-7298CA3E6957}.LiveServer|x86.ActiveCfg = Release|Any CPU
		{61A793E1-3E99-4BDC-BC20-7298CA3E6957}.LiveServer|x86.Build.0 = Release|Any CPU
		{61A793E1-3E99-4BDC-BC20-7298CA3E6957}.Release|Any CPU.ActiveCfg = Release|Any CPU
		{61A793E1-3E99-4BDC-BC20-7298CA3E6957}.Release|Any CPU.Build.0 = Release|Any CPU
		{61A793E1-3E99-4BDC-BC20-7298CA3E6957}.Release|x86.ActiveCfg = Release|Any CPU
		{61A793E1-3E99-4BDC-BC20-7298CA3E6957}.Release|x86.Build.0 = Release|Any CPU
		{61A793E1-3E99-4BDC-BC20-7298CA3E1111}.Debug|Any CPU.ActiveCfg = Debug|Any CPU
		{61A793E1-3E99-4BDC-BC20-7298CA3E1111}.Debug|Any CPU.Build.0 = Debug|Any CPU
		{61A793E1-3E99-4BDC-BC20-7298CA3E1111}.Debug|x86.ActiveCfg = Debug|Any CPU
		{61A793E1-3E99-4BDC-BC20-7298CA3E1111}.Debug|x86.Build.0 = Debug|Any CPU
		{61A793E1-3E99-4BDC-BC20-7298CA3E1111}.LiveServer|Any CPU.ActiveCfg = Release|Any CPU
		{61A793E1-3E99-4BDC-BC20-7298CA3E1111}.LiveServer|Any CPU.Build.0 = Release|Any CPU
		{61A793E1-3E99-4BDC-BC20-7298CA3E1111}.LiveServer|x86.ActiveCfg = Release|Any CPU
		{61A793E1-3E99-4BDC-BC20-7298CA3E1111}.LiveServer|x86.Build.0 = Release|Any CPU
		{61A793E1-3E99-4BDC-BC20-7298CA3E1111}.Release|Any CPU.ActiveCfg = Release|Any CPU
		{61A793E1-3E99-4BDC-BC20-7298CA3E1111}.Release|Any CPU.Build.0 = Release|Any CPU
		{61A793E1-3E99-4BDC-BC20-7298CA3E1111}.Release|x86.ActiveCfg = Release|Any CPU
		{61A793E1-3E99-4BDC-BC20-7298CA3E1111}.Release|x86.Build.0 = Release|Any CPU
		{BF568781-D576-4545-A552-4DC839B1AF14}.Debug|Any CPU.ActiveCfg = Debug|Any CPU
		{BF568781-D576-4545-A552-4DC839B1AF14}.Debug|Any CPU.Build.0 = Debug|Any CPU
		{BF568781-D576-4545-A552-4DC839B1AF14}.Debug|x86.ActiveCfg = Debug|Any CPU
		{BF568781-D576-4545-A552-4DC839B1AF14}.Debug|x86.Build.0 = Debug|Any CPU
		{BF568781-D576-4545-A552-4DC839B1AF14}.LiveServer|Any CPU.ActiveCfg = Release|Any CPU
		{BF568781-D576-4545-A552-4DC839B1AF14}.LiveServer|Any CPU.Build.0 = Release|Any CPU
		{BF568781-D576-4545-A552-4DC839B1AF14}.LiveServer|x86.ActiveCfg = Release|Any CPU
		{BF568781-D576-4545-A552-4DC839B1AF14}.LiveServer|x86.Build.0 = Release|Any CPU
		{BF568781-D576-4545-A552-4DC839B1AF14}.Release|Any CPU.ActiveCfg = Release|Any CPU
		{BF568781-D576-4545-A552-4DC839B1AF14}.Release|Any CPU.Build.0 = Release|Any CPU
		{BF568781-D576-4545-A552-4DC839B1AF14}.Release|x86.ActiveCfg = Release|Any CPU
		{BF568781-D576-4545-A552-4DC839B1AF14}.Release|x86.Build.0 = Release|Any CPU
	EndGlobalSection
	GlobalSection(SolutionProperties) = preSolution
		HideSolutionNode = FALSE
	EndGlobalSection
	GlobalSection(NestedProjects) = preSolution
		{3C17C3E2-3252-4D05-9961-3E623203F8C9} = {D63C35CA-10C7-41A0-8B78-8AB911201BDD}
		{3D8CB06B-1791-4685-AB56-965B9F41666E} = {EC8735BA-CC71-46DF-B209-EADB80566DE4}
		{A5B5F7C3-DA46-4CF0-A351-D35DB07B4465} = {EC8735BA-CC71-46DF-B209-EADB80566DE4}
		{F5094DAF-85E0-4754-A8C4-C236B9F9DBA6} = {EC8735BA-CC71-46DF-B209-EADB80566DE4}
		{64529DC0-3C8B-4D10-A921-EAD9F03FDF21} = {EC8735BA-CC71-46DF-B209-EADB80566DE4}
		{A5B5F7C3-DA46-4CF0-A351-D35DB07B8899} = {EC8735BA-CC71-46DF-B209-EADB80566DE4}
		{868F5651-13A9-43A0-A93F-83657FFD2222} = {6FA4ABDD-94FB-4EC5-B86E-DDA95BC62A60}
		{A90FADE0-DF81-437A-8ECA-21F8D6F79103} = {6FA4ABDD-94FB-4EC5-B86E-DDA95BC62A60}
		{61A793E1-3E99-4BDC-BC20-7298CA3E0000} = {B0203EE3-AB35-48D6-8491-BFF9BBF80E88}
		{61A793E1-3E99-4BDC-BC20-7298CA3E3756} = {B0203EE3-AB35-48D6-8491-BFF9BBF80E88}
		{61A793E1-3E99-4BDC-BC20-7298CA3E3788} = {B0203EE3-AB35-48D6-8491-BFF9BBF80E88}
		{61A793E1-3E99-4BDC-BC20-7298CA3E8899} = {B0203EE3-AB35-48D6-8491-BFF9BBF80E88}
		{61A793E1-3E99-4BDC-BC20-7298CA3E6957} = {B0203EE3-AB35-48D6-8491-BFF9BBF80E88}
		{61A793E1-3E99-4BDC-BC20-7298CA3E1111} = {B0203EE3-AB35-48D6-8491-BFF9BBF80E88}
		{BF568781-D576-4545-A552-4DC839B1AF14} = {10C84D51-4587-479F-A5D9-EC4FC1AABCA4}
	EndGlobalSection
EndGlobal
